
Microsoft Visual Studio Solution File, Format Version 12.00
# Visual Studio Version 17
VisualStudioVersion = 17.7.34202.233
MinimumVisualStudioVersion = 10.0.40219.1
Project("{FAE04EC0-301F-11D3-BF4B-00C04F79EFBC}") = "Server", "Server\Server.csproj", "{7CC52662-ACE7-42C6-A26F-51A21BF97C78}"
EndProject
Global
	GlobalSection(SolutionConfigurationPlatforms) = preSolution
		Debug|Any CPU = Debug|Any CPU
		Release|Any CPU = Release|Any CPU
	EndGlobalSection
	GlobalSection(ProjectConfigurationPlatforms) = postSolution
		{7CC52662-ACE7-42C6-A26F-51A21BF97C78}.Debug|Any CPU.ActiveCfg = Debug|Any CPU
		{7CC52662-ACE7-42C6-A26F-51A21BF97C78}.Debug|Any CPU.Build.0 = Debug|Any CPU
		{7CC52662-ACE7-42C6-A26F-51A21BF97C78}.Release|Any CPU.ActiveCfg = Release|Any CPU
		{7CC52662-ACE7-42C6-A26F-51A21BF97C78}.Release|Any CPU.Build.0 = Release|Any CPU
	EndGlobalSection
	GlobalSection(SolutionProperties) = preSolution
		HideSolutionNode = FALSE
	EndGlobalSection
	GlobalSection(ExtensibilityGlobals) = postSolution
		SolutionGuid = {C7F68CD6-50B3-41DA-9454-A5D6AAA692D6}
	EndGlobalSection
EndGlobal
